
Microsoft Visual Studio Solution File, Format Version 12.00
# Visual Studio Version 16
VisualStudioVersion = 16.0.29123.88
MinimumVisualStudioVersion = 10.0.40219.1
Project("{9A19103F-16F7-4668-BE54-9A1E7A4F7556}") = "EFCodeFirst.Web", "EFCodeFirst.Web\EFCodeFirst.Web.csproj", "{952EDE8E-8798-4803-8A2F-64BEB4E43D0B}"
EndProject
Project("{FAE04EC0-301F-11D3-BF4B-00C04F79EFBC}") = "EFCodeFirst.Database", "EFCodeFirst.Database\EFCodeFirst.Database.csproj", "{C6545D00-305F-40AA-AADA-88F06031757A}"
EndProject
Global
	GlobalSection(SolutionConfigurationPlatforms) = preSolution
		Debug|Any CPU = Debug|Any CPU
		Release|Any CPU = Release|Any CPU
	EndGlobalSection
	GlobalSection(ProjectConfigurationPlatforms) = postSolution
		{952EDE8E-8798-4803-8A2F-64BEB4E43D0B}.Debug|Any CPU.ActiveCfg = Debug|Any CPU
		{952EDE8E-8798-4803-8A2F-64BEB4E43D0B}.Debug|Any CPU.Build.0 = Debug|Any CPU
		{952EDE8E-8798-4803-8A2F-64BEB4E43D0B}.Release|Any CPU.ActiveCfg = Release|Any CPU
		{952EDE8E-8798-4803-8A2F-64BEB4E43D0B}.Release|Any CPU.Build.0 = Release|Any CPU
		{C6545D00-305F-40AA-AADA-88F06031757A}.Debug|Any CPU.ActiveCfg = Debug|Any CPU
		{C6545D00-305F-40AA-AADA-88F06031757A}.Debug|Any CPU.Build.0 = Debug|Any CPU
		{C6545D00-305F-40AA-AADA-88F06031757A}.Release|Any CPU.ActiveCfg = Release|Any CPU
		{C6545D00-305F-40AA-AADA-88F06031757A}.Release|Any CPU.Build.0 = Release|Any CPU
	EndGlobalSection
	GlobalSection(SolutionProperties) = preSolution
		HideSolutionNode = FALSE
	EndGlobalSection
	GlobalSection(ExtensibilityGlobals) = postSolution
		SolutionGuid = {8D1B4CB2-C7D2-4E3B-8188-462A1E9861DE}
	EndGlobalSection
EndGlobal
